<?xml version="1.0" encoding="utf-8"?>
<Project ToolsVersion="4.0" xmlns="http://schemas.microsoft.com/developer/msbuild/2003">
  <ItemGroup>
    <Filter Include="소스 파일">
      <UniqueIdentifier>{4FC737F1-C7A5-4376-A066-2A32D752A2FF}</UniqueIdentifier>
      <Extensions>cpp;c;cc;cxx;c++;def;odl;idl;hpj;bat;asm;asmx</Extensions>
    </Filter>
    <Filter Include="헤더 파일">
      <UniqueIdentifier>{93995380-89BD-4b04-88EB-625FBE52EBFB}</UniqueIdentifier>
      <Extensions>h;hh;hpp;hxx;h++;hm;inl;inc;ipp;xsd</Extensions>
    </Filter>
    <Filter Include="리소스 파일">
      <UniqueIdentifier>{67DA6AB6-F800-4c08-8B7A-83BB121AAD01}</UniqueIdentifier>
      <Extensions>rc;ico;cur;bmp;dlg;rc2;rct;bin;rgs;gif;jpg;jpeg;jpe;resx;tiff;tif;png;wav;mfcribbon-ms</Extensions>
    </Filter>
    <Filter Include="소스 파일\nb_list">
      <UniqueIdentifier>{7f9374c9-3738-4e2e-b668-d0f0b5c3d6f3}</UniqueIdentifier>
    </Filter>
    <Filter Include="소스 파일\nb_queue">
      <UniqueIdentifier>{72c828bc-8dc3-4b74-a92e-f16174a767cf}</UniqueIdentifier>
    </Filter>
    <Filter Include="소스 파일\nb_stack">
      <UniqueIdentifier>{57f30acc-2fab-4be5-8783-ebaa5e7d2df8}</UniqueIdentifier>
    </Filter>
  </ItemGroup>
  <ItemGroup>
    <ClCompile Include="thread.cpp">
      <Filter>소스 파일</Filter>
    </ClCompile>
    <ClCompile Include="bakery_lock.cpp">
      <Filter>소스 파일</Filter>
    </ClCompile>
    <ClCompile Include="3.낙천적동기화.cpp">
      <Filter>소스 파일\nb_list</Filter>
    </ClCompile>
    <ClCompile Include="1.성긴동기화.cpp">
      <Filter>소스 파일\nb_list</Filter>
    </ClCompile>
    <ClCompile Include="2.세밀한동기화.cpp">
      <Filter>소스 파일\nb_list</Filter>
    </ClCompile>
    <ClCompile Include="4.게으른동기화.cpp">
      <Filter>소스 파일\nb_list</Filter>
    </ClCompile>
    <ClCompile Include="5.게으른동기화%28shared_ptr%29.cpp">
      <Filter>소스 파일\nb_list</Filter>
    </ClCompile>
    <ClCompile Include="6.비멈춤동기화.cpp">
      <Filter>소스 파일\nb_list</Filter>
    </ClCompile>
    <ClCompile Include="7.성긴동기화.cpp">
      <Filter>소스 파일\nb_queue</Filter>
    </ClCompile>
    <ClCompile Include="8.비멈춤동기화.cpp">
      <Filter>소스 파일\nb_queue</Filter>
    </ClCompile>
    <ClCompile Include="9.비멈춤동기화%28stamp%29.cpp">
      <Filter>소스 파일\nb_queue</Filter>
    </ClCompile>
    <ClCompile Include="10.성긴동기화.cpp">
      <Filter>소스 파일\nb_stack</Filter>
    </ClCompile>
    <ClCompile Include="11.비멈춤동기화.cpp">
      <Filter>소스 파일\nb_stack</Filter>
    </ClCompile>
  </ItemGroup>
</Project>